
Microsoft Visual Studio Solution File, Format Version 12.00
# Visual Studio Version 17
VisualStudioVersion = 17.7.34031.279
MinimumVisualStudioVersion = 10.0.40219.1
Project("{FAE04EC0-301F-11D3-BF4B-00C04F79EFBC}") = "DataAccess", "DataAccess\DataAccess.csproj", "{E2AF7508-B74D-4D0E-9B83-90F4D300154A}"
EndProject
Project("{FAE04EC0-301F-11D3-BF4B-00C04F79EFBC}") = "Business", "Business\Business.csproj", "{6A754A7A-13CF-4D2D-A2CB-EEC01E029042}"
EndProject
Project("{FAE04EC0-301F-11D3-BF4B-00C04F79EFBC}") = "Entities", "Entities\Entities.csproj", "{6D40AF14-79DB-47F6-9FD1-46AF1EEB98D1}"
EndProject
Project("{FAE04EC0-301F-11D3-BF4B-00C04F79EFBC}") = "ConsoleUI", "ConsoleUI\ConsoleUI.csproj", "{CBCC5569-3E6B-42E4-9D62-02ED0E33C876}"
EndProject
Global
	GlobalSection(SolutionConfigurationPlatforms) = preSolution
		Debug|Any CPU = Debug|Any CPU
		Release|Any CPU = Release|Any CPU
	EndGlobalSection
	GlobalSection(ProjectConfigurationPlatforms) = postSolution
		{E2AF7508-B74D-4D0E-9B83-90F4D300154A}.Debug|Any CPU.ActiveCfg = Debug|Any CPU
		{E2AF7508-B74D-4D0E-9B83-90F4D300154A}.Debug|Any CPU.Build.0 = Debug|Any CPU
		{E2AF7508-B74D-4D0E-9B83-90F4D300154A}.Release|Any CPU.ActiveCfg = Release|Any CPU
		{E2AF7508-B74D-4D0E-9B83-90F4D300154A}.Release|Any CPU.Build.0 = Release|Any CPU
		{6A754A7A-13CF-4D2D-A2CB-EEC01E029042}.Debug|Any CPU.ActiveCfg = Debug|Any CPU
		{6A754A7A-13CF-4D2D-A2CB-EEC01E029042}.Debug|Any CPU.Build.0 = Debug|Any CPU
		{6A754A7A-13CF-4D2D-A2CB-EEC01E029042}.Release|Any CPU.ActiveCfg = Release|Any CPU
		{6A754A7A-13CF-4D2D-A2CB-EEC01E029042}.Release|Any CPU.Build.0 = Release|Any CPU
		{6D40AF14-79DB-47F6-9FD1-46AF1EEB98D1}.Debug|Any CPU.ActiveCfg = Debug|Any CPU
		{6D40AF14-79DB-47F6-9FD1-46AF1EEB98D1}.Debug|Any CPU.Build.0 = Debug|Any CPU
		{6D40AF14-79DB-47F6-9FD1-46AF1EEB98D1}.Release|Any CPU.ActiveCfg = Release|Any CPU
		{6D40AF14-79DB-47F6-9FD1-46AF1EEB98D1}.Release|Any CPU.Build.0 = Release|Any CPU
		{CBCC5569-3E6B-42E4-9D62-02ED0E33C876}.Debug|Any CPU.ActiveCfg = Debug|Any CPU
		{CBCC5569-3E6B-42E4-9D62-02ED0E33C876}.Debug|Any CPU.Build.0 = Debug|Any CPU
		{CBCC5569-3E6B-42E4-9D62-02ED0E33C876}.Release|Any CPU.ActiveCfg = Release|Any CPU
		{CBCC5569-3E6B-42E4-9D62-02ED0E33C876}.Release|Any CPU.Build.0 = Release|Any CPU
	EndGlobalSection
	GlobalSection(SolutionProperties) = preSolution
		HideSolutionNode = FALSE
	EndGlobalSection
	GlobalSection(ExtensibilityGlobals) = postSolution
		SolutionGuid = {FE722094-7A25-45E6-BB06-65C49DBC37CC}
	EndGlobalSection
EndGlobal
